github.com/codeGROOVE-dev/retry v1.2.0 h1:xYpYPX2PQZmdHwuiQAGGzsBm392xIMl4nfMEFApQnu8=
github.com/codeGROOVE-dev/retry v1.2.0/go.mod h1:8OgefgV1XP7lzX2PdKlCXILsYKuz6b4ZpHa/20iLi8E=
golang.org/x/text v0.29.0 h1:1neNs90w9YzJ9BocxfsQNHKuAT4pkghyXc4nhZ6sJvk=
golang.org/x/text v0.29.0/go.mod h1:7MhJOA9CD2qZyOKYazxdYMF85OwPdEr9jTtBpO7ydH4=
golang.org/x/time v0.13.0 h1:eUlYslOIt32DgYD6utsuUeHs4d7AsEYLuIAdg7FlYgI=
golang.org/x/time v0.13.0/go.mod h1:eL/Oa2bBBK0TkX57Fyni+NgnyQQN4LitPmob2Hjnqw4=
